
Microsoft Visual Studio Solution File, Format Version 12.00
# Visual Studio 2013
VisualStudioVersion = 12.0.40629.0
MinimumVisualStudioVersion = 10.0.40219.1
Project("{FAE04EC0-301F-11D3-BF4B-00C04F79EFBC}") = "SportsStore.Domain", "SportsStore.Domain\SportsStore.Domain.csproj", "{04AA8C45-F410-42F7-8389-5726FEDEBC8D}"
EndProject
Project("{FAE04EC0-301F-11D3-BF4B-00C04F79EFBC}") = "SportsStore.UnitTests", "SportsStore.UnitTests\SportsStore.UnitTests.csproj", "{AE887C70-7979-44E3-A2C9-8C7A7C88902C}"
EndProject
Project("{FAE04EC0-301F-11D3-BF4B-00C04F79EFBC}") = "SportsStore.WebUI", "SportsStore.WebUI\SportsStore.WebUI.csproj", "{A86F453E-9149-4CA4-A31A-9AD946F13DEA}"
EndProject
Global
	GlobalSection(SolutionConfigurationPlatforms) = preSolution
		Debug|Any CPU = Debug|Any CPU
		Release|Any CPU = Release|Any CPU
	EndGlobalSection
	GlobalSection(ProjectConfigurationPlatforms) = postSolution
		{04AA8C45-F410-42F7-8389-5726FEDEBC8D}.Debug|Any CPU.ActiveCfg = Debug|Any CPU
		{04AA8C45-F410-42F7-8389-5726FEDEBC8D}.Debug|Any CPU.Build.0 = Debug|Any CPU
		{04AA8C45-F410-42F7-8389-5726FEDEBC8D}.Release|Any CPU.ActiveCfg = Release|Any CPU
		{04AA8C45-F410-42F7-8389-5726FEDEBC8D}.Release|Any CPU.Build.0 = Release|Any CPU
		{AE887C70-7979-44E3-A2C9-8C7A7C88902C}.Debug|Any CPU.ActiveCfg = Debug|Any CPU
		{AE887C70-7979-44E3-A2C9-8C7A7C88902C}.Debug|Any CPU.Build.0 = Debug|Any CPU
		{AE887C70-7979-44E3-A2C9-8C7A7C88902C}.Release|Any CPU.ActiveCfg = Release|Any CPU
		{AE887C70-7979-44E3-A2C9-8C7A7C88902C}.Release|Any CPU.Build.0 = Release|Any CPU
		{A86F453E-9149-4CA4-A31A-9AD946F13DEA}.Debug|Any CPU.ActiveCfg = Debug|Any CPU
		{A86F453E-9149-4CA4-A31A-9AD946F13DEA}.Debug|Any CPU.Build.0 = Debug|Any CPU
		{A86F453E-9149-4CA4-A31A-9AD946F13DEA}.Release|Any CPU.ActiveCfg = Release|Any CPU
		{A86F453E-9149-4CA4-A31A-9AD946F13DEA}.Release|Any CPU.Build.0 = Release|Any CPU
	EndGlobalSection
	GlobalSection(SolutionProperties) = preSolution
		HideSolutionNode = FALSE
	EndGlobalSection
EndGlobal
